{
  "requires": true,
  "lockfileVersion": 1,
  "dependencies": {
    "@amap/amap-jsapi-loader": {
      "version": "1.0.1",
      "resolved": "https://registry.npmjs.org/@amap/amap-jsapi-loader/-/amap-jsapi-loader-1.0.1.tgz",
      "integrity": "sha512-nPyLKt7Ow/ThHLkSvn2etQlUzqxmTVgK7bIgwdBRTg2HK5668oN7xVxkaiRe3YZEzGzfV2XgH5Jmu2T73ljejw=="
    },
    "prismjs": {
      "version": "1.28.0",
      "resolved": "https://registry.npmjs.org/prismjs/-/prismjs-1.28.0.tgz",
      "integrity": "sha512-8aaXdYvl1F7iC7Xm1spqSaY/OJBpYW3v+KJ+F17iYxvdc8sfjW194COK5wVhMZX45tGteiBQgdvD/nhxcRwylw=="
    },
    "vue-prism-editor": {
      "version": "1.3.0",
      "resolved": "https://registry.npmjs.org/vue-prism-editor/-/vue-prism-editor-1.3.0.tgz",
      "integrity": "sha512-54RfgtMGRMNr9484zKMOZs1wyLDR6EfFylzE2QrMCD9alCvXyYYcS0vX8oUHh+6pMUu6ts59uSN9cHglpU2NRQ=="
    }
  }
}
